
Microsoft Visual Studio Solution File, Format Version 12.00
# Visual Studio 15
VisualStudioVersion = 15.0.28010.2003
MinimumVisualStudioVersion = 10.0.40219.1
Project("{FAE04EC0-301F-11D3-BF4B-00C04F79EFBC}") = "task3", "task3\task3.csproj", "{FA25A7A2-3D1B-4186-A8DB-D31D2DB494F0}"
EndProject
Global
	GlobalSection(SolutionConfigurationPlatforms) = preSolution
		Debug|Any CPU = Debug|Any CPU
		Release|Any CPU = Release|Any CPU
	EndGlobalSection
	GlobalSection(ProjectConfigurationPlatforms) = postSolution
		{FA25A7A2-3D1B-4186-A8DB-D31D2DB494F0}.Debug|Any CPU.ActiveCfg = Debug|Any CPU
		{FA25A7A2-3D1B-4186-A8DB-D31D2DB494F0}.Debug|Any CPU.Build.0 = Debug|Any CPU
		{FA25A7A2-3D1B-4186-A8DB-D31D2DB494F0}.Release|Any CPU.ActiveCfg = Release|Any CPU
		{FA25A7A2-3D1B-4186-A8DB-D31D2DB494F0}.Release|Any CPU.Build.0 = Release|Any CPU
	EndGlobalSection
	GlobalSection(SolutionProperties) = preSolution
		HideSolutionNode = FALSE
	EndGlobalSection
	GlobalSection(ExtensibilityGlobals) = postSolution
		SolutionGuid = {35078681-96C7-4C8D-BCF3-4169DDEDA0B6}
	EndGlobalSection
EndGlobal
